schema: '2.0'
stages:
  data_agpt:
    cmd: bash run_id_prop.sh
    deps:
    - path: run_id_prop.sh
      hash: md5
      md5: f8f06a3d7b59295d75b96520979f98e2
      size: 258
      isexec: true
    outs:
    - path: agpt_tc_supercon
      hash: md5
      md5: fd4176d81a9430ee0204fb309fe246df.dir
      size: 332906
      nfiles: 1001
  data_cdvae:
    cmd: bash run_cdvae_data.sh
    deps:
    - path: run_cdvae_data.sh
      hash: md5
      md5: 590b22ae47968be91194fc9f6d57016e
      size: 626
      isexec: true
    outs:
    - path: ../models/cdvae/conf/data/supercon.yaml
      hash: md5
      md5: eff3ab2a48ede6791ac51e36b8ca44dd
      size: 182394
      isexec: true
    - path: ../models/cdvae/data/supercon
      hash: md5
      md5: 1560967ce519d380bd1804b975f399af.dir
      size: 969525
      nfiles: 3
  agpt:
    cmd: bash scripts/run_id_prop.sh
    deps:
    - path: scripts/run_id_prop.sh
      hash: md5
      md5: 396607484b12dd6c0245cf109c1cc624
      size: 266
      isexec: true
    outs:
    - path: agpt_tc_supercon
      hash: md5
      md5: ff8b6fc9496f3492c9504c997a96c469.dir
      size: 332930
      nfiles: 1001
  cdvae:
    cmd: bash scripts/run_cdvae_data.sh
    deps:
    - path: scripts/data_preprocess.py
      hash: md5
      md5: 823b08ad004f319a0e92990488f61500
      size: 12987
      isexec: true
    - path: scripts/run_cdvae_data.sh
      hash: md5
      md5: 81b63f24130b8ac9a01abad79ea4e577
      size: 595
      isexec: true
    outs:
    - path: ../models/cdvae/data/supercon
      hash: md5
      md5: d6c0c48ff46b968ea4293b1117826a18.dir
      size: 916048
      nfiles: 3
  flowmm:
    cmd: bash scripts/run_flowmm_data.sh
    deps:
    - path: scripts/data_preprocess.py
      hash: md5
      md5: 823b08ad004f319a0e92990488f61500
      size: 12987
      isexec: true
    - path: scripts/run_flowmm_data.sh
      hash: md5
      md5: de5b191c2ada3de9985be89b9150caca
      size: 538
      isexec: true
    outs:
    - path: ../models/flowmm/data/supercon
      hash: md5
      md5: d0560cccfcbd6f447378fc0ab33dfefa.dir
      size: 2024420
      nfiles: 3
  atomgpt:
    cmd: bash scripts/run_atomgpt_data.sh
    deps:
    - path: scripts/data_preprocess.py
      hash: md5
      md5: 823b08ad004f319a0e92990488f61500
      size: 12987
      isexec: true
    - path: scripts/run_atomgpt_data.sh
      hash: md5
      md5: 430573c6bc74b983f43d25a7d4ff9f31
      size: 288
      isexec: true
    outs:
    - path: atomgpt_data
      hash: md5
      md5: 0031a1ee795e5e679833a6cbf1ae6954.dir
      size: 323477
      nfiles: 1001
  check:
    cmd: python scripts/checker.py --atomgpt-dir ./atomgpt_data --cdvae-dir ../models/cdvae/data/supercon
      --flowmm-dir ../models/flowmm/data/supercon --strict-order
    deps:
    - path: scripts/checker.py
      hash: md5
      md5: e08081859d259b50f7039cf2d00601ae
      size: 3633
      isexec: true
