schema: '2.0'
stages:
  data_agpt:
    cmd: bash run_id_prop.sh
    deps:
    - path: run_id_prop.sh
      hash: md5
      md5: f8f06a3d7b59295d75b96520979f98e2
      size: 258
      isexec: true
    outs:
    - path: agpt_tc_supercon
      hash: md5
      md5: fd4176d81a9430ee0204fb309fe246df.dir
      size: 332906
      nfiles: 1001
  data_cdvae:
    cmd: bash run_cdvae_data.sh
    deps:
    - path: run_cdvae_data.sh
      hash: md5
      md5: 590b22ae47968be91194fc9f6d57016e
      size: 626
      isexec: true
    outs:
    - path: ../models/cdvae/conf/data/supercon.yaml
      hash: md5
      md5: eff3ab2a48ede6791ac51e36b8ca44dd
      size: 182394
      isexec: true
    - path: ../models/cdvae/data/supercon
      hash: md5
      md5: 1560967ce519d380bd1804b975f399af.dir
      size: 969525
      nfiles: 3
  agpt:
    cmd: bash scripts/run_id_prop.sh
    deps:
    - path: scripts/run_id_prop.sh
      hash: md5
      md5: 396607484b12dd6c0245cf109c1cc624
      size: 266
      isexec: true
    outs:
    - path: agpt_tc_supercon
      hash: md5
      md5: ff8b6fc9496f3492c9504c997a96c469.dir
      size: 332930
      nfiles: 1001
  cdvae:
    cmd: bash scripts/run_cdvae_data.sh
    deps:
    - path: scripts/data_preprocess.py
      hash: md5
      md5: 8191bccf181521a558b25bf401418eb5
      size: 13081
    - path: scripts/run_cdvae_data.sh
      hash: md5
      md5: 3e485cde838e18a6fe6790e21936b4c7
      size: 579
    outs:
    - path: ../models/cdvae/data/supercon
      hash: md5
      md5: ab4ac434e30b676793c4529dff289b5b.dir
      size: 967500
      nfiles: 3
  flowmm:
    cmd: bash scripts/run_flowmm_data.sh
    deps:
    - path: scripts/data_preprocess.py
      hash: md5
      md5: 8191bccf181521a558b25bf401418eb5
      size: 13081
    - path: scripts/run_flowmm_data.sh
      hash: md5
      md5: 07b07288ff0a5807ba68e4b7525cc1b7
      size: 522
    outs:
    - path: ../models/flowmm/data/supercon
      hash: md5
      md5: a88ee652e24fc6594c907d4c4b57b2df.dir
      size: 2128981
      nfiles: 3
  atomgpt:
    cmd: bash scripts/run_atomgpt_data.sh
    deps:
    - path: scripts/data_preprocess.py
      hash: md5
      md5: 8191bccf181521a558b25bf401418eb5
      size: 13081
    - path: scripts/run_atomgpt_data.sh
      hash: md5
      md5: 62f78e820020b0368d1471a43e9d2136
      size: 272
    outs:
    - path: atomgpt_data
      hash: md5
      md5: b81c1a4f76b92a20ed962e2a697c2631.dir
      size: 352526
      nfiles: 1059
  check:
    cmd: python scripts/checker.py --atomgpt-dir ./atomgpt_data --cdvae-dir ../models/cdvae/data/supercon
      --flowmm-dir ../models/flowmm/data/supercon --strict-order
    deps:
    - path: scripts/checker.py
      hash: md5
      md5: e08081859d259b50f7039cf2d00601ae
      size: 3633
  charts:
    cmd: python scripts/histogram_pie_chart.py --output . --dataset dft_3d
    deps:
    - path: scripts/histogram_pie_chart.py
      hash: md5
      md5: 67c5ca901847ea9ec43b4fb699e7be6d
      size: 9794
